
Microsoft Visual Studio Solution File, Format Version 12.00
# Visual Studio Version 16
VisualStudioVersion = 16.0.28917.181
MinimumVisualStudioVersion = 10.0.40219.1
Project("{9A19103F-16F7-4668-BE54-9A1E7A4F7556}") = "StarSystems", "StarSystems\StarSystems.csproj", "{DB9CB953-88C3-4751-AAD1-256E2CA3665D}"
EndProject
Project("{9A19103F-16F7-4668-BE54-9A1E7A4F7556}") = "StarSystems.Core", "StarSystems.Core\StarSystems.Core.csproj", "{77250DF1-EB36-4D3A-9F97-4E15E6C03F43}"
EndProject
Project("{9A19103F-16F7-4668-BE54-9A1E7A4F7556}") = "StarSystems.Infrastructure", "StarSystems.Infrastructure\StarSystems.Infrastructure.csproj", "{B62B75DB-423B-4759-8B4C-60D6B071F487}"
EndProject
Global
	GlobalSection(SolutionConfigurationPlatforms) = preSolution
		Debug|Any CPU = Debug|Any CPU
		Release|Any CPU = Release|Any CPU
	EndGlobalSection
	GlobalSection(ProjectConfigurationPlatforms) = postSolution
		{DB9CB953-88C3-4751-AAD1-256E2CA3665D}.Debug|Any CPU.ActiveCfg = Debug|Any CPU
		{DB9CB953-88C3-4751-AAD1-256E2CA3665D}.Debug|Any CPU.Build.0 = Debug|Any CPU
		{DB9CB953-88C3-4751-AAD1-256E2CA3665D}.Release|Any CPU.ActiveCfg = Release|Any CPU
		{DB9CB953-88C3-4751-AAD1-256E2CA3665D}.Release|Any CPU.Build.0 = Release|Any CPU
		{77250DF1-EB36-4D3A-9F97-4E15E6C03F43}.Debug|Any CPU.ActiveCfg = Debug|Any CPU
		{77250DF1-EB36-4D3A-9F97-4E15E6C03F43}.Debug|Any CPU.Build.0 = Debug|Any CPU
		{77250DF1-EB36-4D3A-9F97-4E15E6C03F43}.Release|Any CPU.ActiveCfg = Release|Any CPU
		{77250DF1-EB36-4D3A-9F97-4E15E6C03F43}.Release|Any CPU.Build.0 = Release|Any CPU
		{B62B75DB-423B-4759-8B4C-60D6B071F487}.Debug|Any CPU.ActiveCfg = Debug|Any CPU
		{B62B75DB-423B-4759-8B4C-60D6B071F487}.Debug|Any CPU.Build.0 = Debug|Any CPU
		{B62B75DB-423B-4759-8B4C-60D6B071F487}.Release|Any CPU.ActiveCfg = Release|Any CPU
		{B62B75DB-423B-4759-8B4C-60D6B071F487}.Release|Any CPU.Build.0 = Release|Any CPU
	EndGlobalSection
	GlobalSection(SolutionProperties) = preSolution
		HideSolutionNode = FALSE
	EndGlobalSection
	GlobalSection(ExtensibilityGlobals) = postSolution
		SolutionGuid = {7C8DFF8B-FACA-4FAE-BA07-6549FCF23FF3}
	EndGlobalSection
EndGlobal
